github.com/davecgh/go-spew v1.1.0/go.mod h1:J7Y8YcW2NihsgmVo/mv3lAwl/skON4iLHjSsI+c5H38=
github.com/edgexfoundry/go-mod-core-contracts v0.0.0-20190408185438-838c1e45fef1 h1:GW2ufd9WnUg94ytlOW1wX4tCQgCQur8y6Nie+dqHMi4=
github.com/edgexfoundry/go-mod-core-contracts v0.0.0-20190408185438-838c1e45fef1/go.mod h1:yVAVTeH1lbp+3YG2V7sq3iIerZj94lC0rZX1sryGfTY=
github.com/go-kit/kit v0.8.0/go.mod h1:xBxKIO96dXMWWy0MnWVtmwkA9/13aqxPnvrjFYMA2as=
github.com/go-logfmt/logfmt v0.4.0/go.mod h1:3RMwSq7FuexP4Kalkev3ejPJsZTpXXBr9+V4qmtdjCk=
github.com/google/uuid v1.1.0 h1:Jf4mxPC/ziBnoPIdpQdPJ9OeiomAUHLvxmPRSPH9m4s=
github.com/google/uuid v1.1.0/go.mod h1:TIyPZe4MgqvfeYDBFedMoGGpEw/LqOeaOT+nhxU+yHo=
github.com/kr/logfmt v0.0.0-20140226030751-b84e30acd515/go.mod h1:+0opPa2QZZtGFBFZlji/RkVcI2GknAs/DXo4wKdlNEc=
github.com/pmezard/go-difflib v1.0.0/go.mod h1:iKH77koFhYxTK1pcRnkKkqfTogsbg7gZNVY4sRDYZ/4=
github.com/stretchr/objx v0.1.0/go.mod h1:HFkY916IF+rwdDfMAkV7OtwuqBVzrE8GR6GFx+wExME=
github.com/stretchr/testify v1.3.0/go.mod h1:M5WIy9Dh21IEIfnGCwXGc5bZfKNJtfHm1UVUgZn+9EI=
github.com/ugorji/go v0.0.0-20190316192920-e2bddce071ad/go.mod h1:hnLbHMwcvSihnDhEfx2/BzKp2xb0Y+ErdfYcrs9tkJQ=
github.com/ugorji/go v1.1.2 h1:JON3E2/GPW2iDNGoSAusl1KDf5TRQ8k8q7Tp097pZGs=
github.com/ugorji/go v1.1.2/go.mod h1:hnLbHMwcvSihnDhEfx2/BzKp2xb0Y+ErdfYcrs9tkJQ=
github.com/ugorji/go v1.1.4 h1:j4s+tAvLfL3bZyefP2SEWmhBzmuIlH/eqNuPdFPgngw=
github.com/ugorji/go v1.1.4/go.mod h1:uQMGLiO92mf5W77hV/PUCpI3pbzQx3CRekS0kk+RGrc=
github.com/ugorji/go/codec v0.0.0-20190316192920-e2bddce071ad h1:Zu1a3eNI3eJefas3yuL6HAKy6eMhRCQFdtZQLC21l6U=
github.com/ugorji/go/codec v0.0.0-20190316192920-e2bddce071ad/go.mod h1:iT03XoTwV7xq/+UGwKO3UbC1nNNlopQiY61beSdrtOA=
